
Microsoft Visual Studio Solution File, Format Version 12.00
# Visual Studio Version 17
VisualStudioVersion = 17.2.32630.192
MinimumVisualStudioVersion = 10.0.40219.1
Project("{FAE04EC0-301F-11D3-BF4B-00C04F79EFBC}") = "lodziarnia", "lodziarnia\lodziarnia.csproj", "{00C34A7A-1E07-460E-AC7A-EFDF055C993D}"
EndProject
Global
	GlobalSection(SolutionConfigurationPlatforms) = preSolution
		Debug|Any CPU = Debug|Any CPU
		Release|Any CPU = Release|Any CPU
	EndGlobalSection
	GlobalSection(ProjectConfigurationPlatforms) = postSolution
		{00C34A7A-1E07-460E-AC7A-EFDF055C993D}.Debug|Any CPU.ActiveCfg = Debug|Any CPU
		{00C34A7A-1E07-460E-AC7A-EFDF055C993D}.Debug|Any CPU.Build.0 = Debug|Any CPU
		{00C34A7A-1E07-460E-AC7A-EFDF055C993D}.Release|Any CPU.ActiveCfg = Release|Any CPU
		{00C34A7A-1E07-460E-AC7A-EFDF055C993D}.Release|Any CPU.Build.0 = Release|Any CPU
	EndGlobalSection
	GlobalSection(SolutionProperties) = preSolution
		HideSolutionNode = FALSE
	EndGlobalSection
	GlobalSection(ExtensibilityGlobals) = postSolution
		SolutionGuid = {A56B9AB2-7715-43E5-A180-60C9074964FD}
	EndGlobalSection
EndGlobal
